# This file was autogenerated by Stack.
# You should not edit this file by hand.
# For more information, please see the documentation at:
#   https://docs.haskellstack.org/en/stable/lock_files

packages: []
snapshots:
- completed:
    sha256: a62ce331ea0cf40415b4ae527f36876e106989c27968d703bdb655ec0b42eca7
    size: 597897
    url: https://raw.githubusercontent.com/commercialhaskell/stackage-snapshots/master/nightly/2024/2/7.yaml
  original:
    url: https://raw.githubusercontent.com/commercialhaskell/stackage-snapshots/master/nightly/2024/2/7.yaml
